{
  "name": "ajs-node",
  "version": "1.0.0",
  "lockfileVersion": 3,
  "requires": true,
  "packages": {
    "": {
      "name": "ajs-node",
      "version": "1.0.0",
      "license": "ISC",
      "dependencies": {
        "@lexusignatenko/ajs": "^1.0.0"
      }
    },
    "node_modules/@lexusignatenko/ajs": {
      "version": "1.0.0",
      "resolved": "https://npm.pkg.github.com/download/@lexusignatenko/ajs/1.0.0/844528365b15534942f0abcdf2ab8d373e1a2e07",
      "integrity": "sha512-g6NrEptcDXxD21785Vu0kkMH/tBUi85g/W2nkNWwA1t5+UEKGfM+31fDeMMVSFAgQsiREp18rUG0vvL5mPDE3Q==",
      "license": "ISC"
    }
  }
}
